
Microsoft Visual Studio Solution File, Format Version 12.00
# Visual Studio Version 17
VisualStudioVersion = 17.0.31903.59
MinimumVisualStudioVersion = 10.0.40219.1
Project("{2150E333-8FDC-42A3-9474-1A3956D46DE8}") = "src", "src", "{827E0CD3-B72D-47B6-A68D-7590B98EB39B}"
EndProject
Project("{FAE04EC0-301F-11D3-BF4B-00C04F79EFBC}") = "Naia.Domain", "src\Naia.Domain\Naia.Domain.csproj", "{973DD00A-78AF-4485-BCA2-F54DD91FC977}"
EndProject
Project("{FAE04EC0-301F-11D3-BF4B-00C04F79EFBC}") = "Naia.Application", "src\Naia.Application\Naia.Application.csproj", "{150020AB-DCE3-4341-9095-5589F8238C0D}"
EndProject
Project("{FAE04EC0-301F-11D3-BF4B-00C04F79EFBC}") = "Naia.Infrastructure", "src\Naia.Infrastructure\Naia.Infrastructure.csproj", "{78C1078D-3725-4095-B572-AD4012763C4D}"
EndProject
Project("{FAE04EC0-301F-11D3-BF4B-00C04F79EFBC}") = "Naia.Api", "src\Naia.Api\Naia.Api.csproj", "{3A338675-314D-47AA-A6D9-7725703825EB}"
EndProject
Project("{FAE04EC0-301F-11D3-BF4B-00C04F79EFBC}") = "Naia.Ingestion", "src\Naia.Ingestion\Naia.Ingestion.csproj", "{A1B2E15A-7F97-4EF9-8F1E-C6D12A289AE3}"
EndProject
Project("{FAE04EC0-301F-11D3-BF4B-00C04F79EFBC}") = "Naia.PatternEngine", "src\Naia.PatternEngine\Naia.PatternEngine.csproj", "{6DA880A0-C33D-4D02-B046-F1C0026CB472}"
EndProject
Project("{FAE04EC0-301F-11D3-BF4B-00C04F79EFBC}") = "Naia.Connectors", "src\Naia.Connectors\Naia.Connectors.csproj", "{900B32FC-EF5C-4FDC-9AE0-1B7CF0330046}"
EndProject
Project("{FAE04EC0-301F-11D3-BF4B-00C04F79EFBC}") = "Naia.PatternWorker", "src\Naia.PatternWorker\Naia.PatternWorker.csproj", "{AE0B7EAE-2C30-43BC-930F-9C087143C8BA}"
EndProject
Global
	GlobalSection(SolutionConfigurationPlatforms) = preSolution
		Debug|Any CPU = Debug|Any CPU
		Debug|x64 = Debug|x64
		Debug|x86 = Debug|x86
		Release|Any CPU = Release|Any CPU
		Release|x64 = Release|x64
		Release|x86 = Release|x86
	EndGlobalSection
	GlobalSection(ProjectConfigurationPlatforms) = postSolution
		{973DD00A-78AF-4485-BCA2-F54DD91FC977}.Debug|Any CPU.ActiveCfg = Debug|Any CPU
		{973DD00A-78AF-4485-BCA2-F54DD91FC977}.Debug|Any CPU.Build.0 = Debug|Any CPU
		{973DD00A-78AF-4485-BCA2-F54DD91FC977}.Debug|x64.ActiveCfg = Debug|Any CPU
		{973DD00A-78AF-4485-BCA2-F54DD91FC977}.Debug|x64.Build.0 = Debug|Any CPU
		{973DD00A-78AF-4485-BCA2-F54DD91FC977}.Debug|x86.ActiveCfg = Debug|Any CPU
		{973DD00A-78AF-4485-BCA2-F54DD91FC977}.Debug|x86.Build.0 = Debug|Any CPU
		{973DD00A-78AF-4485-BCA2-F54DD91FC977}.Release|Any CPU.ActiveCfg = Release|Any CPU
		{973DD00A-78AF-4485-BCA2-F54DD91FC977}.Release|Any CPU.Build.0 = Release|Any CPU
		{973DD00A-78AF-4485-BCA2-F54DD91FC977}.Release|x64.ActiveCfg = Release|Any CPU
		{973DD00A-78AF-4485-BCA2-F54DD91FC977}.Release|x64.Build.0 = Release|Any CPU
		{973DD00A-78AF-4485-BCA2-F54DD91FC977}.Release|x86.ActiveCfg = Release|Any CPU
		{973DD00A-78AF-4485-BCA2-F54DD91FC977}.Release|x86.Build.0 = Release|Any CPU
		{150020AB-DCE3-4341-9095-5589F8238C0D}.Debug|Any CPU.ActiveCfg = Debug|Any CPU
		{150020AB-DCE3-4341-9095-5589F8238C0D}.Debug|Any CPU.Build.0 = Debug|Any CPU
		{150020AB-DCE3-4341-9095-5589F8238C0D}.Debug|x64.ActiveCfg = Debug|Any CPU
		{150020AB-DCE3-4341-9095-5589F8238C0D}.Debug|x64.Build.0 = Debug|Any CPU
		{150020AB-DCE3-4341-9095-5589F8238C0D}.Debug|x86.ActiveCfg = Debug|Any CPU
		{150020AB-DCE3-4341-9095-5589F8238C0D}.Debug|x86.Build.0 = Debug|Any CPU
		{150020AB-DCE3-4341-9095-5589F8238C0D}.Release|Any CPU.ActiveCfg = Release|Any CPU
		{150020AB-DCE3-4341-9095-5589F8238C0D}.Release|Any CPU.Build.0 = Release|Any CPU
		{150020AB-DCE3-4341-9095-5589F8238C0D}.Release|x64.ActiveCfg = Release|Any CPU
		{150020AB-DCE3-4341-9095-5589F8238C0D}.Release|x64.Build.0 = Release|Any CPU
		{150020AB-DCE3-4341-9095-5589F8238C0D}.Release|x86.ActiveCfg = Release|Any CPU
		{150020AB-DCE3-4341-9095-5589F8238C0D}.Release|x86.Build.0 = Release|Any CPU
		{78C1078D-3725-4095-B572-AD4012763C4D}.Debug|Any CPU.ActiveCfg = Debug|Any CPU
		{78C1078D-3725-4095-B572-AD4012763C4D}.Debug|Any CPU.Build.0 = Debug|Any CPU
		{78C1078D-3725-4095-B572-AD4012763C4D}.Debug|x64.ActiveCfg = Debug|Any CPU
		{78C1078D-3725-4095-B572-AD4012763C4D}.Debug|x64.Build.0 = Debug|Any CPU
		{78C1078D-3725-4095-B572-AD4012763C4D}.Debug|x86.ActiveCfg = Debug|Any CPU
		{78C1078D-3725-4095-B572-AD4012763C4D}.Debug|x86.Build.0 = Debug|Any CPU
		{78C1078D-3725-4095-B572-AD4012763C4D}.Release|Any CPU.ActiveCfg = Release|Any CPU
		{78C1078D-3725-4095-B572-AD4012763C4D}.Release|Any CPU.Build.0 = Release|Any CPU
		{78C1078D-3725-4095-B572-AD4012763C4D}.Release|x64.ActiveCfg = Release|Any CPU
		{78C1078D-3725-4095-B572-AD4012763C4D}.Release|x64.Build.0 = Release|Any CPU
		{78C1078D-3725-4095-B572-AD4012763C4D}.Release|x86.ActiveCfg = Release|Any CPU
		{78C1078D-3725-4095-B572-AD4012763C4D}.Release|x86.Build.0 = Release|Any CPU
		{3A338675-314D-47AA-A6D9-7725703825EB}.Debug|Any CPU.ActiveCfg = Debug|Any CPU
		{3A338675-314D-47AA-A6D9-7725703825EB}.Debug|Any CPU.Build.0 = Debug|Any CPU
		{3A338675-314D-47AA-A6D9-7725703825EB}.Debug|x64.ActiveCfg = Debug|Any CPU
		{3A338675-314D-47AA-A6D9-7725703825EB}.Debug|x64.Build.0 = Debug|Any CPU
		{3A338675-314D-47AA-A6D9-7725703825EB}.Debug|x86.ActiveCfg = Debug|Any CPU
		{3A338675-314D-47AA-A6D9-7725703825EB}.Debug|x86.Build.0 = Debug|Any CPU
		{3A338675-314D-47AA-A6D9-7725703825EB}.Release|Any CPU.ActiveCfg = Release|Any CPU
		{3A338675-314D-47AA-A6D9-7725703825EB}.Release|Any CPU.Build.0 = Release|Any CPU
		{3A338675-314D-47AA-A6D9-7725703825EB}.Release|x64.ActiveCfg = Release|Any CPU
		{3A338675-314D-47AA-A6D9-7725703825EB}.Release|x64.Build.0 = Release|Any CPU
		{3A338675-314D-47AA-A6D9-7725703825EB}.Release|x86.ActiveCfg = Release|Any CPU
		{3A338675-314D-47AA-A6D9-7725703825EB}.Release|x86.Build.0 = Release|Any CPU
		{A1B2E15A-7F97-4EF9-8F1E-C6D12A289AE3}.Debug|Any CPU.ActiveCfg = Debug|Any CPU
		{A1B2E15A-7F97-4EF9-8F1E-C6D12A289AE3}.Debug|Any CPU.Build.0 = Debug|Any CPU
		{A1B2E15A-7F97-4EF9-8F1E-C6D12A289AE3}.Debug|x64.ActiveCfg = Debug|Any CPU
		{A1B2E15A-7F97-4EF9-8F1E-C6D12A289AE3}.Debug|x64.Build.0 = Debug|Any CPU
		{A1B2E15A-7F97-4EF9-8F1E-C6D12A289AE3}.Debug|x86.ActiveCfg = Debug|Any CPU
		{A1B2E15A-7F97-4EF9-8F1E-C6D12A289AE3}.Debug|x86.Build.0 = Debug|Any CPU
		{A1B2E15A-7F97-4EF9-8F1E-C6D12A289AE3}.Release|Any CPU.ActiveCfg = Release|Any CPU
		{A1B2E15A-7F97-4EF9-8F1E-C6D12A289AE3}.Release|Any CPU.Build.0 = Release|Any CPU
		{A1B2E15A-7F97-4EF9-8F1E-C6D12A289AE3}.Release|x64.ActiveCfg = Release|Any CPU
		{A1B2E15A-7F97-4EF9-8F1E-C6D12A289AE3}.Release|x64.Build.0 = Release|Any CPU
		{A1B2E15A-7F97-4EF9-8F1E-C6D12A289AE3}.Release|x86.ActiveCfg = Release|Any CPU
		{A1B2E15A-7F97-4EF9-8F1E-C6D12A289AE3}.Release|x86.Build.0 = Release|Any CPU
		{6DA880A0-C33D-4D02-B046-F1C0026CB472}.Debug|Any CPU.ActiveCfg = Debug|Any CPU
		{6DA880A0-C33D-4D02-B046-F1C0026CB472}.Debug|Any CPU.Build.0 = Debug|Any CPU
		{6DA880A0-C33D-4D02-B046-F1C0026CB472}.Debug|x64.ActiveCfg = Debug|Any CPU
		{6DA880A0-C33D-4D02-B046-F1C0026CB472}.Debug|x64.Build.0 = Debug|Any CPU
		{6DA880A0-C33D-4D02-B046-F1C0026CB472}.Debug|x86.ActiveCfg = Debug|Any CPU
		{6DA880A0-C33D-4D02-B046-F1C0026CB472}.Debug|x86.Build.0 = Debug|Any CPU
		{6DA880A0-C33D-4D02-B046-F1C0026CB472}.Release|Any CPU.ActiveCfg = Release|Any CPU
		{6DA880A0-C33D-4D02-B046-F1C0026CB472}.Release|Any CPU.Build.0 = Release|Any CPU
		{6DA880A0-C33D-4D02-B046-F1C0026CB472}.Release|x64.ActiveCfg = Release|Any CPU
		{6DA880A0-C33D-4D02-B046-F1C0026CB472}.Release|x64.Build.0 = Release|Any CPU
		{6DA880A0-C33D-4D02-B046-F1C0026CB472}.Release|x86.ActiveCfg = Release|Any CPU
		{6DA880A0-C33D-4D02-B046-F1C0026CB472}.Release|x86.Build.0 = Release|Any CPU
		{900B32FC-EF5C-4FDC-9AE0-1B7CF0330046}.Debug|Any CPU.ActiveCfg = Debug|Any CPU
		{900B32FC-EF5C-4FDC-9AE0-1B7CF0330046}.Debug|Any CPU.Build.0 = Debug|Any CPU
		{900B32FC-EF5C-4FDC-9AE0-1B7CF0330046}.Debug|x64.ActiveCfg = Debug|Any CPU
		{900B32FC-EF5C-4FDC-9AE0-1B7CF0330046}.Debug|x64.Build.0 = Debug|Any CPU
		{900B32FC-EF5C-4FDC-9AE0-1B7CF0330046}.Debug|x86.ActiveCfg = Debug|Any CPU
		{900B32FC-EF5C-4FDC-9AE0-1B7CF0330046}.Debug|x86.Build.0 = Debug|Any CPU
		{900B32FC-EF5C-4FDC-9AE0-1B7CF0330046}.Release|Any CPU.ActiveCfg = Release|Any CPU
		{900B32FC-EF5C-4FDC-9AE0-1B7CF0330046}.Release|Any CPU.Build.0 = Release|Any CPU
		{900B32FC-EF5C-4FDC-9AE0-1B7CF0330046}.Release|x64.ActiveCfg = Release|Any CPU
		{900B32FC-EF5C-4FDC-9AE0-1B7CF0330046}.Release|x64.Build.0 = Release|Any CPU
		{900B32FC-EF5C-4FDC-9AE0-1B7CF0330046}.Release|x86.ActiveCfg = Release|Any CPU
		{900B32FC-EF5C-4FDC-9AE0-1B7CF0330046}.Release|x86.Build.0 = Release|Any CPU
		{AE0B7EAE-2C30-43BC-930F-9C087143C8BA}.Debug|Any CPU.ActiveCfg = Debug|Any CPU
		{AE0B7EAE-2C30-43BC-930F-9C087143C8BA}.Debug|Any CPU.Build.0 = Debug|Any CPU
		{AE0B7EAE-2C30-43BC-930F-9C087143C8BA}.Debug|x64.ActiveCfg = Debug|Any CPU
		{AE0B7EAE-2C30-43BC-930F-9C087143C8BA}.Debug|x64.Build.0 = Debug|Any CPU
		{AE0B7EAE-2C30-43BC-930F-9C087143C8BA}.Debug|x86.ActiveCfg = Debug|Any CPU
		{AE0B7EAE-2C30-43BC-930F-9C087143C8BA}.Debug|x86.Build.0 = Debug|Any CPU
		{AE0B7EAE-2C30-43BC-930F-9C087143C8BA}.Release|Any CPU.ActiveCfg = Release|Any CPU
		{AE0B7EAE-2C30-43BC-930F-9C087143C8BA}.Release|Any CPU.Build.0 = Release|Any CPU
		{AE0B7EAE-2C30-43BC-930F-9C087143C8BA}.Release|x64.ActiveCfg = Release|Any CPU
		{AE0B7EAE-2C30-43BC-930F-9C087143C8BA}.Release|x64.Build.0 = Release|Any CPU
		{AE0B7EAE-2C30-43BC-930F-9C087143C8BA}.Release|x86.ActiveCfg = Release|Any CPU
		{AE0B7EAE-2C30-43BC-930F-9C087143C8BA}.Release|x86.Build.0 = Release|Any CPU
	EndGlobalSection
	GlobalSection(SolutionProperties) = preSolution
		HideSolutionNode = FALSE
	EndGlobalSection
	GlobalSection(NestedProjects) = preSolution
		{973DD00A-78AF-4485-BCA2-F54DD91FC977} = {827E0CD3-B72D-47B6-A68D-7590B98EB39B}
		{150020AB-DCE3-4341-9095-5589F8238C0D} = {827E0CD3-B72D-47B6-A68D-7590B98EB39B}
		{78C1078D-3725-4095-B572-AD4012763C4D} = {827E0CD3-B72D-47B6-A68D-7590B98EB39B}
		{3A338675-314D-47AA-A6D9-7725703825EB} = {827E0CD3-B72D-47B6-A68D-7590B98EB39B}
		{A1B2E15A-7F97-4EF9-8F1E-C6D12A289AE3} = {827E0CD3-B72D-47B6-A68D-7590B98EB39B}
		{6DA880A0-C33D-4D02-B046-F1C0026CB472} = {827E0CD3-B72D-47B6-A68D-7590B98EB39B}
		{900B32FC-EF5C-4FDC-9AE0-1B7CF0330046} = {827E0CD3-B72D-47B6-A68D-7590B98EB39B}
		{AE0B7EAE-2C30-43BC-930F-9C087143C8BA} = {827E0CD3-B72D-47B6-A68D-7590B98EB39B}
	EndGlobalSection
EndGlobal
